
Microsoft Visual Studio Solution File, Format Version 12.00
# Visual Studio Version 17
VisualStudioVersion = 17.0.31903.59
MinimumVisualStudioVersion = 10.0.40219.1
Project("{2150E333-8FDC-42A3-9474-1A3956D46DE8}") = "Solution Items", "Solution Items", "{402DF23A-9DCA-4C4F-9B22-D45588E402D4}"
	ProjectSection(SolutionItems) = preProject
		Directory.Packages.props = Directory.Packages.props
		nuget.config = nuget.config
	EndProjectSection
EndProject
Project("{FAE04EC0-301F-11D3-BF4B-00C04F79EFBC}") = "quotifyai.Assistant", "quotifyai.Assistant\quotifyai.Assistant.csproj", "{FC96B219-319F-45ED-BF28-DAE9A2DCEA4D}"
EndProject
Project("{FAE04EC0-301F-11D3-BF4B-00C04F79EFBC}") = "quotifyai.Infrastructure", "quotifyai.Infrastructure\quotifyai.Infrastructure.csproj", "{50635AEA-2C92-4B70-BBD7-3702679A2BF0}"
EndProject
Project("{FAE04EC0-301F-11D3-BF4B-00C04F79EFBC}") = "quotifyai.DependencyInjection", "quotifyai.DependencyInjection\quotifyai.DependencyInjection.csproj", "{975F2E55-D761-4BFF-8093-0DC8B0E9BB1B}"
EndProject
Project("{FAE04EC0-301F-11D3-BF4B-00C04F79EFBC}") = "quotifyai.Core", "quotifyai.Core\quotifyai.Core.csproj", "{7424D818-2613-491C-8AD4-6B4C9FAEAA19}"
EndProject
Project("{2150E333-8FDC-42A3-9474-1A3956D46DE8}") = "Tests", "Tests", "{8D8A3E36-785B-4460-AB03-415D0D97E7A9}"
EndProject
Project("{FAE04EC0-301F-11D3-BF4B-00C04F79EFBC}") = "quotifyai.Assistant.Tests", "Tests\quotifyai.Assistant.Tests\quotifyai.Assistant.Tests.csproj", "{76FF00DB-A062-4466-BCFD-13A93EB2FE65}"
EndProject
Project("{FAE04EC0-301F-11D3-BF4B-00C04F79EFBC}") = "quotifyai.Infrastructure.Tests", "Tests\quotifyai.Infrastructure.Tests\quotifyai.Infrastructure.Tests.csproj", "{D1BCF473-1237-4F1E-8196-BDD3CBEE1B51}"
EndProject
Global
	GlobalSection(SolutionConfigurationPlatforms) = preSolution
		Debug|Any CPU = Debug|Any CPU
		Release|Any CPU = Release|Any CPU
	EndGlobalSection
	GlobalSection(ProjectConfigurationPlatforms) = postSolution
		{FC96B219-319F-45ED-BF28-DAE9A2DCEA4D}.Debug|Any CPU.ActiveCfg = Debug|Any CPU
		{FC96B219-319F-45ED-BF28-DAE9A2DCEA4D}.Debug|Any CPU.Build.0 = Debug|Any CPU
		{FC96B219-319F-45ED-BF28-DAE9A2DCEA4D}.Release|Any CPU.ActiveCfg = Release|Any CPU
		{FC96B219-319F-45ED-BF28-DAE9A2DCEA4D}.Release|Any CPU.Build.0 = Release|Any CPU
		{50635AEA-2C92-4B70-BBD7-3702679A2BF0}.Debug|Any CPU.ActiveCfg = Debug|Any CPU
		{50635AEA-2C92-4B70-BBD7-3702679A2BF0}.Debug|Any CPU.Build.0 = Debug|Any CPU
		{50635AEA-2C92-4B70-BBD7-3702679A2BF0}.Release|Any CPU.ActiveCfg = Release|Any CPU
		{50635AEA-2C92-4B70-BBD7-3702679A2BF0}.Release|Any CPU.Build.0 = Release|Any CPU
		{975F2E55-D761-4BFF-8093-0DC8B0E9BB1B}.Debug|Any CPU.ActiveCfg = Debug|Any CPU
		{975F2E55-D761-4BFF-8093-0DC8B0E9BB1B}.Debug|Any CPU.Build.0 = Debug|Any CPU
		{975F2E55-D761-4BFF-8093-0DC8B0E9BB1B}.Release|Any CPU.ActiveCfg = Release|Any CPU
		{975F2E55-D761-4BFF-8093-0DC8B0E9BB1B}.Release|Any CPU.Build.0 = Release|Any CPU
		{7424D818-2613-491C-8AD4-6B4C9FAEAA19}.Debug|Any CPU.ActiveCfg = Debug|Any CPU
		{7424D818-2613-491C-8AD4-6B4C9FAEAA19}.Debug|Any CPU.Build.0 = Debug|Any CPU
		{7424D818-2613-491C-8AD4-6B4C9FAEAA19}.Release|Any CPU.ActiveCfg = Release|Any CPU
		{7424D818-2613-491C-8AD4-6B4C9FAEAA19}.Release|Any CPU.Build.0 = Release|Any CPU
		{76FF00DB-A062-4466-BCFD-13A93EB2FE65}.Debug|Any CPU.ActiveCfg = Debug|Any CPU
		{76FF00DB-A062-4466-BCFD-13A93EB2FE65}.Debug|Any CPU.Build.0 = Debug|Any CPU
		{76FF00DB-A062-4466-BCFD-13A93EB2FE65}.Release|Any CPU.ActiveCfg = Release|Any CPU
		{76FF00DB-A062-4466-BCFD-13A93EB2FE65}.Release|Any CPU.Build.0 = Release|Any CPU
		{D1BCF473-1237-4F1E-8196-BDD3CBEE1B51}.Debug|Any CPU.ActiveCfg = Debug|Any CPU
		{D1BCF473-1237-4F1E-8196-BDD3CBEE1B51}.Debug|Any CPU.Build.0 = Debug|Any CPU
		{D1BCF473-1237-4F1E-8196-BDD3CBEE1B51}.Release|Any CPU.ActiveCfg = Release|Any CPU
		{D1BCF473-1237-4F1E-8196-BDD3CBEE1B51}.Release|Any CPU.Build.0 = Release|Any CPU
	EndGlobalSection
	GlobalSection(SolutionProperties) = preSolution
		HideSolutionNode = FALSE
	EndGlobalSection
	GlobalSection(NestedProjects) = preSolution
		{76FF00DB-A062-4466-BCFD-13A93EB2FE65} = {8D8A3E36-785B-4460-AB03-415D0D97E7A9}
		{D1BCF473-1237-4F1E-8196-BDD3CBEE1B51} = {8D8A3E36-785B-4460-AB03-415D0D97E7A9}
	EndGlobalSection
EndGlobal
