
Microsoft Visual Studio Solution File, Format Version 12.00
# Visual Studio Version 17
VisualStudioVersion = 17.0.31903.59
MinimumVisualStudioVersion = 10.0.40219.1
Project("{FAE04EC0-301F-11D3-BF4B-00C04F79EFBC}") = "frontend", "frontend\frontend.csproj", "{CCC3F8E2-0530-4D89-A3E4-F165AE68CF20}"
EndProject
Project("{2150E333-8FDC-42A3-9474-1A3956D46DE8}") = "shared", "shared", "{7AB41F5B-D9DF-49A4-9EB7-79AFCAE4C2DD}"
EndProject
Project("{FAE04EC0-301F-11D3-BF4B-00C04F79EFBC}") = "Shared", "shared\Shared\Shared.csproj", "{B71F9A69-3F20-4B7D-B73F-6AAB8CC5ED47}"
EndProject
Global
	GlobalSection(SolutionConfigurationPlatforms) = preSolution
		Debug|Any CPU = Debug|Any CPU
		Release|Any CPU = Release|Any CPU
	EndGlobalSection
	GlobalSection(SolutionProperties) = preSolution
		HideSolutionNode = FALSE
	EndGlobalSection
	GlobalSection(ProjectConfigurationPlatforms) = postSolution
		{CCC3F8E2-0530-4D89-A3E4-F165AE68CF20}.Debug|Any CPU.ActiveCfg = Debug|Any CPU
		{CCC3F8E2-0530-4D89-A3E4-F165AE68CF20}.Debug|Any CPU.Build.0 = Debug|Any CPU
		{CCC3F8E2-0530-4D89-A3E4-F165AE68CF20}.Release|Any CPU.ActiveCfg = Release|Any CPU
		{CCC3F8E2-0530-4D89-A3E4-F165AE68CF20}.Release|Any CPU.Build.0 = Release|Any CPU
		{B71F9A69-3F20-4B7D-B73F-6AAB8CC5ED47}.Debug|Any CPU.ActiveCfg = Debug|Any CPU
		{B71F9A69-3F20-4B7D-B73F-6AAB8CC5ED47}.Debug|Any CPU.Build.0 = Debug|Any CPU
		{B71F9A69-3F20-4B7D-B73F-6AAB8CC5ED47}.Release|Any CPU.ActiveCfg = Release|Any CPU
		{B71F9A69-3F20-4B7D-B73F-6AAB8CC5ED47}.Release|Any CPU.Build.0 = Release|Any CPU
	EndGlobalSection
	GlobalSection(NestedProjects) = preSolution
		{B71F9A69-3F20-4B7D-B73F-6AAB8CC5ED47} = {7AB41F5B-D9DF-49A4-9EB7-79AFCAE4C2DD}
	EndGlobalSection
EndGlobal
