
Microsoft Visual Studio Solution File, Format Version 12.00
# Visual Studio Version 17
VisualStudioVersion = 17.0.31903.59
MinimumVisualStudioVersion = 10.0.40219.1
Project("{2150E333-8FDC-42A3-9474-1A3956D46DE8}") = "functions", "functions", "{B94B7BA5-2EBC-4E43-BDF7-6617E14A7A59}"
EndProject
Project("{FAE04EC0-301F-11D3-BF4B-00C04F79EFBC}") = "EmbedFunctions", "functions\EmbedFunctions\EmbedFunctions.csproj", "{7CB64F61-B980-42AB-90CE-4F8BBE509DFE}"
EndProject
Project("{2150E333-8FDC-42A3-9474-1A3956D46DE8}") = "shared", "shared", "{46ED865E-FBA1-4D0C-AD62-B996EFAA0C22}"
EndProject
Project("{FAE04EC0-301F-11D3-BF4B-00C04F79EFBC}") = "Shared", "shared\Shared\Shared.csproj", "{68505D04-05D2-4DA1-BD06-03A12FEF8185}"
EndProject
Global
	GlobalSection(SolutionConfigurationPlatforms) = preSolution
		Debug|Any CPU = Debug|Any CPU
		Release|Any CPU = Release|Any CPU
	EndGlobalSection
	GlobalSection(SolutionProperties) = preSolution
		HideSolutionNode = FALSE
	EndGlobalSection
	GlobalSection(ProjectConfigurationPlatforms) = postSolution
		{7CB64F61-B980-42AB-90CE-4F8BBE509DFE}.Debug|Any CPU.ActiveCfg = Debug|Any CPU
		{7CB64F61-B980-42AB-90CE-4F8BBE509DFE}.Debug|Any CPU.Build.0 = Debug|Any CPU
		{7CB64F61-B980-42AB-90CE-4F8BBE509DFE}.Release|Any CPU.ActiveCfg = Release|Any CPU
		{7CB64F61-B980-42AB-90CE-4F8BBE509DFE}.Release|Any CPU.Build.0 = Release|Any CPU
		{68505D04-05D2-4DA1-BD06-03A12FEF8185}.Debug|Any CPU.ActiveCfg = Debug|Any CPU
		{68505D04-05D2-4DA1-BD06-03A12FEF8185}.Debug|Any CPU.Build.0 = Debug|Any CPU
		{68505D04-05D2-4DA1-BD06-03A12FEF8185}.Release|Any CPU.ActiveCfg = Release|Any CPU
		{68505D04-05D2-4DA1-BD06-03A12FEF8185}.Release|Any CPU.Build.0 = Release|Any CPU
	EndGlobalSection
	GlobalSection(NestedProjects) = preSolution
		{7CB64F61-B980-42AB-90CE-4F8BBE509DFE} = {B94B7BA5-2EBC-4E43-BDF7-6617E14A7A59}
		{68505D04-05D2-4DA1-BD06-03A12FEF8185} = {46ED865E-FBA1-4D0C-AD62-B996EFAA0C22}
	EndGlobalSection
EndGlobal
